
Microsoft Visual Studio Solution File, Format Version 12.00
# Visual Studio Version 17
VisualStudioVersion = 17.3.32901.215
MinimumVisualStudioVersion = 10.0.40219.1
Project("{FAE04EC0-301F-11D3-BF4B-00C04F79EFBC}") = "GenevaOpenTelemetryAppService", "GenevaOpenTelemetryAppService.csproj", "{4D32E94D-F802-4EC9-B919-45755BF31F18}"
EndProject
Project("{FAE04EC0-301F-11D3-BF4B-00C04F79EFBC}") = "GenevaOpenTelemetryAppServiceTests", "..\GenevaOpenTelemetryAppServiceTests\GenevaOpenTelemetryAppServiceTests.csproj", "{71AAE59E-6055-4AFE-93D4-81FA115C8853}"
EndProject
Global
	GlobalSection(SolutionConfigurationPlatforms) = preSolution
		Debug|Any CPU = Debug|Any CPU
		Release|Any CPU = Release|Any CPU
	EndGlobalSection
	GlobalSection(ProjectConfigurationPlatforms) = postSolution
		{4D32E94D-F802-4EC9-B919-45755BF31F18}.Debug|Any CPU.ActiveCfg = Debug|Any CPU
		{4D32E94D-F802-4EC9-B919-45755BF31F18}.Debug|Any CPU.Build.0 = Debug|Any CPU
		{4D32E94D-F802-4EC9-B919-45755BF31F18}.Release|Any CPU.ActiveCfg = Release|Any CPU
		{4D32E94D-F802-4EC9-B919-45755BF31F18}.Release|Any CPU.Build.0 = Release|Any CPU
		{71AAE59E-6055-4AFE-93D4-81FA115C8853}.Debug|Any CPU.ActiveCfg = Debug|Any CPU
		{71AAE59E-6055-4AFE-93D4-81FA115C8853}.Debug|Any CPU.Build.0 = Debug|Any CPU
		{71AAE59E-6055-4AFE-93D4-81FA115C8853}.Release|Any CPU.ActiveCfg = Release|Any CPU
		{71AAE59E-6055-4AFE-93D4-81FA115C8853}.Release|Any CPU.Build.0 = Release|Any CPU
	EndGlobalSection
	GlobalSection(SolutionProperties) = preSolution
		HideSolutionNode = FALSE
	EndGlobalSection
	GlobalSection(ExtensibilityGlobals) = postSolution
		SolutionGuid = {687D7902-38BB-4584-984A-8D058416089E}
	EndGlobalSection
EndGlobal
